
Microsoft Visual Studio Solution File, Format Version 12.00
# Visual Studio Version 16
VisualStudioVersion = 16.0.30503.244
MinimumVisualStudioVersion = 10.0.40219.1
Project("{FAE04EC0-301F-11D3-BF4B-00C04F79EFBC}") = "WinFormCoreTest", "WinFormCoreTest.csproj", "{71A6E205-D0DB-4AA3-AB2A-7ED0A0E6E6FF}"
EndProject
Global
	GlobalSection(SolutionConfigurationPlatforms) = preSolution
		Debug|Any CPU = Debug|Any CPU
		Release|Any CPU = Release|Any CPU
	EndGlobalSection
	GlobalSection(ProjectConfigurationPlatforms) = postSolution
		{71A6E205-D0DB-4AA3-AB2A-7ED0A0E6E6FF}.Debug|Any CPU.ActiveCfg = Debug|Any CPU
		{71A6E205-D0DB-4AA3-AB2A-7ED0A0E6E6FF}.Debug|Any CPU.Build.0 = Debug|Any CPU
		{71A6E205-D0DB-4AA3-AB2A-7ED0A0E6E6FF}.Release|Any CPU.ActiveCfg = Release|Any CPU
		{71A6E205-D0DB-4AA3-AB2A-7ED0A0E6E6FF}.Release|Any CPU.Build.0 = Release|Any CPU
	EndGlobalSection
	GlobalSection(SolutionProperties) = preSolution
		HideSolutionNode = FALSE
	EndGlobalSection
	GlobalSection(ExtensibilityGlobals) = postSolution
		SolutionGuid = {45F5D32A-1F32-4D6E-8FD1-18DDAFB85323}
	EndGlobalSection
EndGlobal
